{
  "version": 4,
  "terraform_version": "1.6.6",
  "serial": 10,
  "lineage": "8b8b761a-a9f0-d846-d0c4-52c1f6c9988a",
  "outputs": {},
  "resources": [
    {
      "mode": "managed",
      "type": "aws_vpc",
      "name": "import-vpc",
      "provider": "provider[\"registry.terraform.io/hashicorp/aws\"]",
      "instances": [
        {
          "schema_version": 1,
          "attributes": {
            "arn": "arn:aws:ec2:us-east-2:862066027316:vpc/vpc-0166b4d3862aeba1a",
            "assign_generated_ipv6_cidr_block": false,
            "cidr_block": "10.0.0.0/16",
            "default_network_acl_id": "acl-0dbe911da6b6fd2c4",
            "default_route_table_id": "rtb-0774768f05f7eabd3",
            "default_security_group_id": "sg-05e2bc8e958d0e984",
            "dhcp_options_id": "dopt-0a88cb5f54225e1b8",
            "enable_dns_hostnames": false,
            "enable_dns_support": true,
            "enable_network_address_usage_metrics": false,
            "id": "vpc-0166b4d3862aeba1a",
            "instance_tenancy": "default",
            "ipv4_ipam_pool_id": null,
            "ipv4_netmask_length": null,
            "ipv6_association_id": "",
            "ipv6_cidr_block": "",
            "ipv6_cidr_block_network_border_group": "",
            "ipv6_ipam_pool_id": "",
            "ipv6_netmask_length": 0,
            "main_route_table_id": "rtb-0774768f05f7eabd3",
            "owner_id": "862066027316",
            "tags": {
              "Name": "imp-vpc"
            },
            "tags_all": {
              "Name": "imp-vpc"
            }
          },
          "sensitive_attributes": [],
          "private": "eyJzY2hlbWFfdmVyc2lvbiI6IjEifQ=="
        }
      ]
    }
  ],
  "check_results": null
}
