{
  "version": 4,
  "terraform_version": "1.6.6",
  "serial": 169,
  "lineage": "ed39991e-ae43-20e1-749e-81431a5e0ce9",
  "outputs": {},
  "resources": [
    {
      "mode": "managed",
      "type": "aws_vpc",
      "name": "My1stVPC",
      "provider": "provider[\"registry.terraform.io/hashicorp/aws\"]",
      "instances": [
        {
          "schema_version": 1,
          "attributes": {
            "arn": "arn:aws:ec2:ap-south-2:862066027316:vpc/vpc-057ae13f8fe0c0777",
            "assign_generated_ipv6_cidr_block": false,
            "cidr_block": "10.0.0.0/16",
            "default_network_acl_id": "acl-0045e5f11b89a17ef",
            "default_route_table_id": "rtb-05f2de7920a009acf",
            "default_security_group_id": "sg-091e4091dfcb2214a",
            "dhcp_options_id": "dopt-0d2790b19d30d1f4f",
            "enable_dns_hostnames": true,
            "enable_dns_support": true,
            "enable_network_address_usage_metrics": false,
            "id": "vpc-057ae13f8fe0c0777",
            "instance_tenancy": "default",
            "ipv4_ipam_pool_id": null,
            "ipv4_netmask_length": null,
            "ipv6_association_id": "",
            "ipv6_cidr_block": "",
            "ipv6_cidr_block_network_border_group": "",
            "ipv6_ipam_pool_id": "",
            "ipv6_netmask_length": 0,
            "main_route_table_id": "rtb-05f2de7920a009acf",
            "owner_id": "862066027316",
            "tags": {
              "Name": "My1stVPC"
            },
            "tags_all": {
              "Name": "My1stVPC"
            }
          },
          "sensitive_attributes": [],
          "private": "eyJzY2hlbWFfdmVyc2lvbiI6IjEifQ=="
        }
      ]
    }
  ],
  "check_results": null
}
